<?xml version="1.0" encoding="utf-8"?>
<Project ToolsVersion="4.0" xmlns="http://schemas.microsoft.com/developer/msbuild/2003">
  <ItemGroup>
    <Filter Include="Source Files">
      <UniqueIdentifier>{11fd6735-a5b6-47db-a29f-c89a03327456}</UniqueIdentifier>
      <Extensions>cpp;c;cxx;rc;def;r;odl;idl;hpj;bat</Extensions>
    </Filter>
    <Filter Include="Header Files">
      <UniqueIdentifier>{b6e58649-2119-45ea-8e02-35c82a46eaaf}</UniqueIdentifier>
      <Extensions>h;hpp;hxx;hm;inl</Extensions>
    </Filter>
    <Filter Include="Resource Files">
      <UniqueIdentifier>{b31736c5-95b0-425e-9939-20583390ec4e}</UniqueIdentifier>
      <Extensions>ico;cur;bmp;dlg;rc2;rct;bin;rgs;gif;jpg;jpeg;jpe</Extensions>
    </Filter>
  </ItemGroup>
  <ItemGroup>
    <ClCompile Include="..\imgfeatures.c">
      <Filter>Source Files</Filter>
    </ClCompile>
    <ClCompile Include="..\sift.c">
      <Filter>Source Files</Filter>
    </ClCompile>
    <ClCompile Include="..\siftfeat.c">
      <Filter>Source Files</Filter>
    </ClCompile>
    <ClCompile Include="..\utils.c">
      <Filter>Source Files</Filter>
    </ClCompile>
  </ItemGroup>
  <ItemGroup>
    <ClInclude Include="..\imgfeatures.h">
      <Filter>Header Files</Filter>
    </ClInclude>
    <ClInclude Include="..\sift.h">
      <Filter>Header Files</Filter>
    </ClInclude>
    <ClInclude Include="..\utils.h">
      <Filter>Header Files</Filter>
    </ClInclude>
  </ItemGroup>
</Project>